// !$*UTF8*$!
{
	archiveVersion = 1;
	classes = {
	};
	objectVersion = 46;
	objects = {

/* Begin PBXBuildFile section */
		56F7831816D42703000565C4 /* IntroductionViewController.m in Sources */ = {isa = PBXBuildFile; fileRef = 56F7831716D42703000565C4 /* IntroductionViewController.m */; };
		56F7831C16D4270A000565C4 /* DDPageControl.m in Sources */ = {isa = PBXBuildFile; fileRef = 56F7831B16D4270A000565C4 /* DDPageControl.m */; };
		56F7833B16D42776000565C4 /* chatWherever.png in Resources */ = {isa = PBXBuildFile; fileRef = 56F7831E16D42776000565C4 /* chatWherever.png */; };
		56F7833C16D42776000565C4 /* chatWherever@2x.png in Resources */ = {isa = PBXBuildFile; fileRef = 56F7831F16D42776000565C4 /* chatWherever@2x.png */; };
		56F7833D16D42776000565C4 /* continue.png in Resources */ = {isa = PBXBuildFile; fileRef = 56F7832016D42776000565C4 /* continue.png */; };
		56F7833E16D42776000565C4 /* continue@2x.png in Resources */ = {isa = PBXBuildFile; fileRef = 56F7832116D42776000565C4 /* continue@2x.png */; };
		56F7833F16D42776000565C4 /* funnyFace.png in Resources */ = {isa = PBXBuildFile; fileRef = 56F7832216D42776000565C4 /* funnyFace.png */; };
		56F7834016D42776000565C4 /* funnyFace@2x.png in Resources */ = {isa = PBXBuildFile; fileRef = 56F7832316D42776000565C4 /* funnyFace@2x.png */; };
		56F7834116D42776000565C4 /* image1.jpg in Resources */ = {isa = PBXBuildFile; fileRef = 56F7832416D42776000565C4 /* image1.jpg */; };
		56F7834216D42776000565C4 /* image1@2x.jpg in Resources */ = {isa = PBXBuildFile; fileRef = 56F7832516D42776000565C4 /* image1@2x.jpg */; };
		56F7834316D42776000565C4 /* image2.jpg in Resources */ = {isa = PBXBuildFile; fileRef = 56F7832616D42776000565C4 /* image2.jpg */; };
		56F7834416D42776000565C4 /* image2@2x.jpg in Resources */ = {isa = PBXBuildFile; fileRef = 56F7832716D42776000565C4 /* image2@2x.jpg */; };
		56F7834516D42776000565C4 /* image3.jpg in Resources */ = {isa = PBXBuildFile; fileRef = 56F7832816D42776000565C4 /* image3.jpg */; };
		56F7834616D42776000565C4 /* image3@2x.jpg in Resources */ = {isa = PBXBuildFile; fileRef = 56F7832916D42776000565C4 /* image3@2x.jpg */; };
		56F7834716D42776000565C4 /* image4.jpg in Resources */ = {isa = PBXBuildFile; fileRef = 56F7832A16D42776000565C4 /* image4.jpg */; };
		56F7834816D42776000565C4 /* image4@2x.jpg in Resources */ = {isa = PBXBuildFile; fileRef = 56F7832B16D42776000565C4 /* image4@2x.jpg */; };
		56F7834916D42776000565C4 /* image5.jpg in Resources */ = {isa = PBXBuildFile; fileRef = 56F7832C16D42776000565C4 /* image5.jpg */; };
		56F7834A16D42776000565C4 /* image5@2x.jpg in Resources */ = {isa = PBXBuildFile; fileRef = 56F7832D16D42776000565C4 /* image5@2x.jpg */; };
		56F7834B16D42776000565C4 /* introBackground.png in Resources */ = {isa = PBXBuildFile; fileRef = 56F7832E16D42776000565C4 /* introBackground.png */; };
		56F7834C16D42776000565C4 /* introBackground4.jpg in Resources */ = {isa = PBXBuildFile; fileRef = 56F7832F16D42776000565C4 /* introBackground4.jpg */; };
		56F7834D16D42776000565C4 /* introBackground4@2x.jpg in Resources */ = {isa = PBXBuildFile; fileRef = 56F7833016D42776000565C4 /* introBackground4@2x.jpg */; };
		56F7834E16D42776000565C4 /* introBackgroundAwesome.jpg in Resources */ = {isa = PBXBuildFile; fileRef = 56F7833116D42776000565C4 /* introBackgroundAwesome.jpg */; };
		56F7834F16D42776000565C4 /* introBackgroundAwesome@2x.jpg in Resources */ = {isa = PBXBuildFile; fileRef = 56F7833216D42776000565C4 /* introBackgroundAwesome@2x.jpg */; };
		56F7835016D42776000565C4 /* introBackgroundTest.jpg in Resources */ = {isa = PBXBuildFile; fileRef = 56F7833316D42776000565C4 /* introBackgroundTest.jpg */; };
		56F7835116D42776000565C4 /* introBackgroundTest@2x.jpg in Resources */ = {isa = PBXBuildFile; fileRef = 56F7833416D42776000565C4 /* introBackgroundTest@2x.jpg */; };
		56F7835216D42776000565C4 /* name_picture.png in Resources */ = {isa = PBXBuildFile; fileRef = 56F7833516D42776000565C4 /* name_picture.png */; };
		56F7835316D42776000565C4 /* name_picture@2x.png in Resources */ = {isa = PBXBuildFile; fileRef = 56F7833616D42776000565C4 /* name_picture@2x.png */; };
		56F7835416D42776000565C4 /* playTogether.png in Resources */ = {isa = PBXBuildFile; fileRef = 56F7833716D42776000565C4 /* playTogether.png */; };
		56F7835516D42776000565C4 /* playTogether@2x.png in Resources */ = {isa = PBXBuildFile; fileRef = 56F7833816D42776000565C4 /* playTogether@2x.png */; };
		56F7835616D42776000565C4 /* shareWhatever.png in Resources */ = {isa = PBXBuildFile; fileRef = 56F7833916D42776000565C4 /* shareWhatever.png */; };
		56F7835716D42776000565C4 /* shareWhatever@2x.png in Resources */ = {isa = PBXBuildFile; fileRef = 56F7833A16D42776000565C4 /* shareWhatever@2x.png */; };
		56F7835F16D4281A000565C4 /* FlexibleGradientView.m in Sources */ = {isa = PBXBuildFile; fileRef = 56F7835C16D4281A000565C4 /* FlexibleGradientView.m */; };
		56F7836016D4281A000565C4 /* TouchPassthroughView.m in Sources */ = {isa = PBXBuildFile; fileRef = 56F7835E16D4281A000565C4 /* TouchPassthroughView.m */; };
		F14F09D7155A4DF000FE8EF5 /* UIKit.framework in Frameworks */ = {isa = PBXBuildFile; fileRef = F14F09D6155A4DF000FE8EF5 /* UIKit.framework */; };
		F14F09D9155A4DF000FE8EF5 /* Foundation.framework in Frameworks */ = {isa = PBXBuildFile; fileRef = F14F09D8155A4DF000FE8EF5 /* Foundation.framework */; };
		F14F09DB155A4DF000FE8EF5 /* CoreGraphics.framework in Frameworks */ = {isa = PBXBuildFile; fileRef = F14F09DA155A4DF000FE8EF5 /* CoreGraphics.framework */; };
		F14F09E1155A4DF000FE8EF5 /* InfoPlist.strings in Resources */ = {isa = PBXBuildFile; fileRef = F14F09DF155A4DF000FE8EF5 /* InfoPlist.strings */; };
		F14F09E3155A4DF000FE8EF5 /* main.m in Sources */ = {isa = PBXBuildFile; fileRef = F14F09E2155A4DF000FE8EF5 /* main.m */; };
		F14F09E7155A4DF000FE8EF5 /* AppDelegate.m in Sources */ = {isa = PBXBuildFile; fileRef = F14F09E6155A4DF000FE8EF5 /* AppDelegate.m */; };
		F14F09EA155A4DF000FE8EF5 /* MainStoryboard.storyboard in Resources */ = {isa = PBXBuildFile; fileRef = F14F09E8155A4DF000FE8EF5 /* MainStoryboard.storyboard */; };
		F14F09ED155A4DF000FE8EF5 /* ViewController.m in Sources */ = {isa = PBXBuildFile; fileRef = F14F09EC155A4DF000FE8EF5 /* ViewController.m */; };
		F14F09F5155A519C00FE8EF5 /* PlayVideo.m in Sources */ = {isa = PBXBuildFile; fileRef = F14F09F4155A519C00FE8EF5 /* PlayVideo.m */; };
		F14F09F8155A51AE00FE8EF5 /* RecordVideo.m in Sources */ = {isa = PBXBuildFile; fileRef = F14F09F7155A51AE00FE8EF5 /* RecordVideo.m */; };
		F14F09FB155A51B900FE8EF5 /* MergeVideo.m in Sources */ = {isa = PBXBuildFile; fileRef = F14F09FA155A51B900FE8EF5 /* MergeVideo.m */; };
		F14F0A01155A560200FE8EF5 /* AVFoundation.framework in Frameworks */ = {isa = PBXBuildFile; fileRef = F14F0A00155A560200FE8EF5 /* AVFoundation.framework */; };
		F14F0A03155A560800FE8EF5 /* CoreMedia.framework in Frameworks */ = {isa = PBXBuildFile; fileRef = F14F0A02155A560800FE8EF5 /* CoreMedia.framework */; };
		F14F0A05155A560F00FE8EF5 /* QuartzCore.framework in Frameworks */ = {isa = PBXBuildFile; fileRef = F14F0A04155A560F00FE8EF5 /* QuartzCore.framework */; };
		F14F0A07155A561600FE8EF5 /* AssetsLibrary.framework in Frameworks */ = {isa = PBXBuildFile; fileRef = F14F0A06155A561500FE8EF5 /* AssetsLibrary.framework */; };
		F14F0A09155A562000FE8EF5 /* MediaPlayer.framework in Frameworks */ = {isa = PBXBuildFile; fileRef = F14F0A08155A562000FE8EF5 /* MediaPlayer.framework */; };
		F14F0A0B155A562800FE8EF5 /* MobileCoreServices.framework in Frameworks */ = {isa = PBXBuildFile; fileRef = F14F0A0A155A562800FE8EF5 /* MobileCoreServices.framework */; };
		F7B2F62516D41726006C4349 /* hshake.mp3 in Resources */ = {isa = PBXBuildFile; fileRef = F7B2F62416D41726006C4349 /* hshake.mp3 */; };
		F7B2F62B16D41D24006C4349 /* default@2x.png in Resources */ = {isa = PBXBuildFile; fileRef = F7B2F62A16D41D24006C4349 /* default@2x.png */; };
		F7B2F62D16D41D2B006C4349 /* Default-568h@2x.png in Resources */ = {isa = PBXBuildFile; fileRef = F7B2F62C16D41D2B006C4349 /* Default-568h@2x.png */; };
/* End PBXBuildFile section */

/* Begin PBXFileReference section */
		56F7831616D42703000565C4 /* IntroductionViewController.h */ = {isa = PBXFileReference; fileEncoding = 4; lastKnownFileType = sourcecode.c.h; path = IntroductionViewController.h; sourceTree = "<group>"; };
		56F7831716D42703000565C4 /* IntroductionViewController.m */ = {isa = PBXFileReference; fileEncoding = 4; lastKnownFileType = sourcecode.c.objc; path = IntroductionViewController.m; sourceTree = "<group>"; };
		56F7831A16D4270A000565C4 /* DDPageControl.h */ = {isa = PBXFileReference; fileEncoding = 4; lastKnownFileType = sourcecode.c.h; path = DDPageControl.h; sourceTree = "<group>"; };
		56F7831B16D4270A000565C4 /* DDPageControl.m */ = {isa = PBXFileReference; fileEncoding = 4; lastKnownFileType = sourcecode.c.objc; path = DDPageControl.m; sourceTree = "<group>"; };
		56F7831E16D42776000565C4 /* chatWherever.png */ = {isa = PBXFileReference; lastKnownFileType = image.png; path = chatWherever.png; sourceTree = "<group>"; };
		56F7831F16D42776000565C4 /* chatWherever@2x.png */ = {isa = PBXFileReference; lastKnownFileType = image.png; path = "chatWherever@2x.png"; sourceTree = "<group>"; };
		56F7832016D42776000565C4 /* continue.png */ = {isa = PBXFileReference; lastKnownFileType = image.png; path = continue.png; sourceTree = "<group>"; };
		56F7832116D42776000565C4 /* continue@2x.png */ = {isa = PBXFileReference; lastKnownFileType = image.png; path = "continue@2x.png"; sourceTree = "<group>"; };
		56F7832216D42776000565C4 /* funnyFace.png */ = {isa = PBXFileReference; lastKnownFileType = image.png; path = funnyFace.png; sourceTree = "<group>"; };
		56F7832316D42776000565C4 /* funnyFace@2x.png */ = {isa = PBXFileReference; lastKnownFileType = image.png; path = "funnyFace@2x.png"; sourceTree = "<group>"; };
		56F7832416D42776000565C4 /* image1.jpg */ = {isa = PBXFileReference; lastKnownFileType = image.jpeg; path = image1.jpg; sourceTree = "<group>"; };
		56F7832516D42776000565C4 /* image1@2x.jpg */ = {isa = PBXFileReference; lastKnownFileType = image.jpeg; path = "image1@2x.jpg"; sourceTree = "<group>"; };
		56F7832616D42776000565C4 /* image2.jpg */ = {isa = PBXFileReference; lastKnownFileType = image.jpeg; path = image2.jpg; sourceTree = "<group>"; };
		56F7832716D42776000565C4 /* image2@2x.jpg */ = {isa = PBXFileReference; lastKnownFileType = image.jpeg; path = "image2@2x.jpg"; sourceTree = "<group>"; };
		56F7832816D42776000565C4 /* image3.jpg */ = {isa = PBXFileReference; lastKnownFileType = image.jpeg; path = image3.jpg; sourceTree = "<group>"; };
		56F7832916D42776000565C4 /* image3@2x.jpg */ = {isa = PBXFileReference; lastKnownFileType = image.jpeg; path = "image3@2x.jpg"; sourceTree = "<group>"; };
		56F7832A16D42776000565C4 /* image4.jpg */ = {isa = PBXFileReference; lastKnownFileType = image.jpeg; path = image4.jpg; sourceTree = "<group>"; };
		56F7832B16D42776000565C4 /* image4@2x.jpg */ = {isa = PBXFileReference; lastKnownFileType = image.jpeg; path = "image4@2x.jpg"; sourceTree = "<group>"; };
		56F7832C16D42776000565C4 /* image5.jpg */ = {isa = PBXFileReference; lastKnownFileType = image.jpeg; path = image5.jpg; sourceTree = "<group>"; };
		56F7832D16D42776000565C4 /* image5@2x.jpg */ = {isa = PBXFileReference; lastKnownFileType = image.jpeg; path = "image5@2x.jpg"; sourceTree = "<group>"; };
		56F7832E16D42776000565C4 /* introBackground.png */ = {isa = PBXFileReference; lastKnownFileType = image.png; path = introBackground.png; sourceTree = "<group>"; };
		56F7832F16D42776000565C4 /* introBackground4.jpg */ = {isa = PBXFileReference; lastKnownFileType = image.jpeg; path = introBackground4.jpg; sourceTree = "<group>"; };
		56F7833016D42776000565C4 /* introBackground4@2x.jpg */ = {isa = PBXFileReference; lastKnownFileType = image.jpeg; path = "introBackground4@2x.jpg"; sourceTree = "<group>"; };
		56F7833116D42776000565C4 /* introBackgroundAwesome.jpg */ = {isa = PBXFileReference; lastKnownFileType = image.jpeg; path = introBackgroundAwesome.jpg; sourceTree = "<group>"; };
		56F7833216D42776000565C4 /* introBackgroundAwesome@2x.jpg */ = {isa = PBXFileReference; lastKnownFileType = image.jpeg; path = "introBackgroundAwesome@2x.jpg"; sourceTree = "<group>"; };
		56F7833316D42776000565C4 /* introBackgroundTest.jpg */ = {isa = PBXFileReference; lastKnownFileType = image.jpeg; path = introBackgroundTest.jpg; sourceTree = "<group>"; };
		56F7833416D42776000565C4 /* introBackgroundTest@2x.jpg */ = {isa = PBXFileReference; lastKnownFileType = image.jpeg; path = "introBackgroundTest@2x.jpg"; sourceTree = "<group>"; };
		56F7833516D42776000565C4 /* name_picture.png */ = {isa = PBXFileReference; lastKnownFileType = image.png; path = name_picture.png; sourceTree = "<group>"; };
		56F7833616D42776000565C4 /* name_picture@2x.png */ = {isa = PBXFileReference; lastKnownFileType = image.png; path = "name_picture@2x.png"; sourceTree = "<group>"; };
		56F7833716D42776000565C4 /* playTogether.png */ = {isa = PBXFileReference; lastKnownFileType = image.png; path = playTogether.png; sourceTree = "<group>"; };
		56F7833816D42776000565C4 /* playTogether@2x.png */ = {isa = PBXFileReference; lastKnownFileType = image.png; path = "playTogether@2x.png"; sourceTree = "<group>"; };
		56F7833916D42776000565C4 /* shareWhatever.png */ = {isa = PBXFileReference; lastKnownFileType = image.png; path = shareWhatever.png; sourceTree = "<group>"; };
		56F7833A16D42776000565C4 /* shareWhatever@2x.png */ = {isa = PBXFileReference; lastKnownFileType = image.png; path = "shareWhatever@2x.png"; sourceTree = "<group>"; };
		56F7835B16D4281A000565C4 /* FlexibleGradientView.h */ = {isa = PBXFileReference; fileEncoding = 4; lastKnownFileType = sourcecode.c.h; path = FlexibleGradientView.h; sourceTree = "<group>"; };
		56F7835C16D4281A000565C4 /* FlexibleGradientView.m */ = {isa = PBXFileReference; fileEncoding = 4; lastKnownFileType = sourcecode.c.objc; path = FlexibleGradientView.m; sourceTree = "<group>"; };
		56F7835D16D4281A000565C4 /* TouchPassthroughView.h */ = {isa = PBXFileReference; fileEncoding = 4; lastKnownFileType = sourcecode.c.h; path = TouchPassthroughView.h; sourceTree = "<group>"; };
		56F7835E16D4281A000565C4 /* TouchPassthroughView.m */ = {isa = PBXFileReference; fileEncoding = 4; lastKnownFileType = sourcecode.c.objc; path = TouchPassthroughView.m; sourceTree = "<group>"; };
		F14F09D2155A4DF000FE8EF5 /* VideoPlayRecord.app */ = {isa = PBXFileReference; explicitFileType = wrapper.application; includeInIndex = 0; path = VideoPlayRecord.app; sourceTree = BUILT_PRODUCTS_DIR; };
		F14F09D6155A4DF000FE8EF5 /* UIKit.framework */ = {isa = PBXFileReference; lastKnownFileType = wrapper.framework; name = UIKit.framework; path = System/Library/Frameworks/UIKit.framework; sourceTree = SDKROOT; };
		F14F09D8155A4DF000FE8EF5 /* Foundation.framework */ = {isa = PBXFileReference; lastKnownFileType = wrapper.framework; name = Foundation.framework; path = System/Library/Frameworks/Foundation.framework; sourceTree = SDKROOT; };
		F14F09DA155A4DF000FE8EF5 /* CoreGraphics.framework */ = {isa = PBXFileReference; lastKnownFileType = wrapper.framework; name = CoreGraphics.framework; path = System/Library/Frameworks/CoreGraphics.framework; sourceTree = SDKROOT; };
		F14F09DE155A4DF000FE8EF5 /* VideoPlayRecord-Info.plist */ = {isa = PBXFileReference; lastKnownFileType = text.plist.xml; path = "VideoPlayRecord-Info.plist"; sourceTree = "<group>"; };
		F14F09E0155A4DF000FE8EF5 /* en */ = {isa = PBXFileReference; lastKnownFileType = text.plist.strings; name = en; path = en.lproj/InfoPlist.strings; sourceTree = "<group>"; };
		F14F09E2155A4DF000FE8EF5 /* main.m */ = {isa = PBXFileReference; lastKnownFileType = sourcecode.c.objc; path = main.m; sourceTree = "<group>"; };
		F14F09E4155A4DF000FE8EF5 /* VideoPlayRecord-Prefix.pch */ = {isa = PBXFileReference; lastKnownFileType = sourcecode.c.h; path = "VideoPlayRecord-Prefix.pch"; sourceTree = "<group>"; };
		F14F09E5155A4DF000FE8EF5 /* AppDelegate.h */ = {isa = PBXFileReference; lastKnownFileType = sourcecode.c.h; path = AppDelegate.h; sourceTree = "<group>"; };
		F14F09E6155A4DF000FE8EF5 /* AppDelegate.m */ = {isa = PBXFileReference; lastKnownFileType = sourcecode.c.objc; path = AppDelegate.m; sourceTree = "<group>"; };
		F14F09E9155A4DF000FE8EF5 /* en */ = {isa = PBXFileReference; lastKnownFileType = file.storyboard; name = en; path = en.lproj/MainStoryboard.storyboard; sourceTree = "<group>"; };
		F14F09EB155A4DF000FE8EF5 /* ViewController.h */ = {isa = PBXFileReference; lastKnownFileType = sourcecode.c.h; path = ViewController.h; sourceTree = "<group>"; };
		F14F09EC155A4DF000FE8EF5 /* ViewController.m */ = {isa = PBXFileReference; lastKnownFileType = sourcecode.c.objc; path = ViewController.m; sourceTree = "<group>"; };
		F14F09F3155A519C00FE8EF5 /* PlayVideo.h */ = {isa = PBXFileReference; fileEncoding = 4; lastKnownFileType = sourcecode.c.h; path = PlayVideo.h; sourceTree = "<group>"; };
		F14F09F4155A519C00FE8EF5 /* PlayVideo.m */ = {isa = PBXFileReference; fileEncoding = 4; lastKnownFileType = sourcecode.c.objc; path = PlayVideo.m; sourceTree = "<group>"; };
		F14F09F6155A51AE00FE8EF5 /* RecordVideo.h */ = {isa = PBXFileReference; fileEncoding = 4; lastKnownFileType = sourcecode.c.h; path = RecordVideo.h; sourceTree = "<group>"; };
		F14F09F7155A51AE00FE8EF5 /* RecordVideo.m */ = {isa = PBXFileReference; fileEncoding = 4; lastKnownFileType = sourcecode.c.objc; path = RecordVideo.m; sourceTree = "<group>"; };
		F14F09F9155A51B900FE8EF5 /* MergeVideo.h */ = {isa = PBXFileReference; fileEncoding = 4; lastKnownFileType = sourcecode.c.h; path = MergeVideo.h; sourceTree = "<group>"; };
		F14F09FA155A51B900FE8EF5 /* MergeVideo.m */ = {isa = PBXFileReference; fileEncoding = 4; lastKnownFileType = sourcecode.c.objc; path = MergeVideo.m; sourceTree = "<group>"; };
		F14F0A00155A560200FE8EF5 /* AVFoundation.framework */ = {isa = PBXFileReference; lastKnownFileType = wrapper.framework; name = AVFoundation.framework; path = System/Library/Frameworks/AVFoundation.framework; sourceTree = SDKROOT; };
		F14F0A02155A560800FE8EF5 /* CoreMedia.framework */ = {isa = PBXFileReference; lastKnownFileType = wrapper.framework; name = CoreMedia.framework; path = System/Library/Frameworks/CoreMedia.framework; sourceTree = SDKROOT; };
		F14F0A04155A560F00FE8EF5 /* QuartzCore.framework */ = {isa = PBXFileReference; lastKnownFileType = wrapper.framework; name = QuartzCore.framework; path = System/Library/Frameworks/QuartzCore.framework; sourceTree = SDKROOT; };
		F14F0A06155A561500FE8EF5 /* AssetsLibrary.framework */ = {isa = PBXFileReference; lastKnownFileType = wrapper.framework; name = AssetsLibrary.framework; path = System/Library/Frameworks/AssetsLibrary.framework; sourceTree = SDKROOT; };
		F14F0A08155A562000FE8EF5 /* MediaPlayer.framework */ = {isa = PBXFileReference; lastKnownFileType = wrapper.framework; name = MediaPlayer.framework; path = System/Library/Frameworks/MediaPlayer.framework; sourceTree = SDKROOT; };
		F14F0A0A155A562800FE8EF5 /* MobileCoreServices.framework */ = {isa = PBXFileReference; lastKnownFileType = wrapper.framework; name = MobileCoreServices.framework; path = System/Library/Frameworks/MobileCoreServices.framework; sourceTree = SDKROOT; };
		F7B2F62416D41726006C4349 /* hshake.mp3 */ = {isa = PBXFileReference; lastKnownFileType = audio.mp3; path = hshake.mp3; sourceTree = "<group>"; };
		F7B2F62A16D41D24006C4349 /* default@2x.png */ = {isa = PBXFileReference; lastKnownFileType = image.png; path = "default@2x.png"; sourceTree = "<group>"; };
		F7B2F62C16D41D2B006C4349 /* Default-568h@2x.png */ = {isa = PBXFileReference; lastKnownFileType = image.png; path = "Default-568h@2x.png"; sourceTree = "<group>"; };
/* End PBXFileReference section */

/* Begin PBXFrameworksBuildPhase section */
		F14F09CF155A4DF000FE8EF5 /* Frameworks */ = {
			isa = PBXFrameworksBuildPhase;
			buildActionMask = 2147483647;
			files = (
				F14F0A0B155A562800FE8EF5 /* MobileCoreServices.framework in Frameworks */,
				F14F0A09155A562000FE8EF5 /* MediaPlayer.framework in Frameworks */,
				F14F0A07155A561600FE8EF5 /* AssetsLibrary.framework in Frameworks */,
				F14F0A05155A560F00FE8EF5 /* QuartzCore.framework in Frameworks */,
				F14F0A03155A560800FE8EF5 /* CoreMedia.framework in Frameworks */,
				F14F0A01155A560200FE8EF5 /* AVFoundation.framework in Frameworks */,
				F14F09D7155A4DF000FE8EF5 /* UIKit.framework in Frameworks */,
				F14F09D9155A4DF000FE8EF5 /* Foundation.framework in Frameworks */,
				F14F09DB155A4DF000FE8EF5 /* CoreGraphics.framework in Frameworks */,
			);
			runOnlyForDeploymentPostprocessing = 0;
		};
/* End PBXFrameworksBuildPhase section */

/* Begin PBXGroup section */
		56F7831916D4270A000565C4 /* Util */ = {
			isa = PBXGroup;
			children = (
				56F7831A16D4270A000565C4 /* DDPageControl.h */,
				56F7835B16D4281A000565C4 /* FlexibleGradientView.h */,
				56F7835C16D4281A000565C4 /* FlexibleGradientView.m */,
				56F7835D16D4281A000565C4 /* TouchPassthroughView.h */,
				56F7835E16D4281A000565C4 /* TouchPassthroughView.m */,
				56F7831B16D4270A000565C4 /* DDPageControl.m */,
			);
			path = Util;
			sourceTree = "<group>";
		};
		56F7831D16D42776000565C4 /* startup */ = {
			isa = PBXGroup;
			children = (
				56F7831E16D42776000565C4 /* chatWherever.png */,
				56F7831F16D42776000565C4 /* chatWherever@2x.png */,
				56F7832016D42776000565C4 /* continue.png */,
				56F7832116D42776000565C4 /* continue@2x.png */,
				56F7832216D42776000565C4 /* funnyFace.png */,
				56F7832316D42776000565C4 /* funnyFace@2x.png */,
				56F7832416D42776000565C4 /* image1.jpg */,
				56F7832516D42776000565C4 /* image1@2x.jpg */,
				56F7832616D42776000565C4 /* image2.jpg */,
				56F7832716D42776000565C4 /* image2@2x.jpg */,
				56F7832816D42776000565C4 /* image3.jpg */,
				56F7832916D42776000565C4 /* image3@2x.jpg */,
				56F7832A16D42776000565C4 /* image4.jpg */,
				56F7832B16D42776000565C4 /* image4@2x.jpg */,
				56F7832C16D42776000565C4 /* image5.jpg */,
				56F7832D16D42776000565C4 /* image5@2x.jpg */,
				56F7832E16D42776000565C4 /* introBackground.png */,
				56F7832F16D42776000565C4 /* introBackground4.jpg */,
				56F7833016D42776000565C4 /* introBackground4@2x.jpg */,
				56F7833116D42776000565C4 /* introBackgroundAwesome.jpg */,
				56F7833216D42776000565C4 /* introBackgroundAwesome@2x.jpg */,
				56F7833316D42776000565C4 /* introBackgroundTest.jpg */,
				56F7833416D42776000565C4 /* introBackgroundTest@2x.jpg */,
				56F7833516D42776000565C4 /* name_picture.png */,
				56F7833616D42776000565C4 /* name_picture@2x.png */,
				56F7833716D42776000565C4 /* playTogether.png */,
				56F7833816D42776000565C4 /* playTogether@2x.png */,
				56F7833916D42776000565C4 /* shareWhatever.png */,
				56F7833A16D42776000565C4 /* shareWhatever@2x.png */,
			);
			path = startup;
			sourceTree = "<group>";
		};
		F14F09C7155A4DF000FE8EF5 = {
			isa = PBXGroup;
			children = (
				F7B2F62C16D41D2B006C4349 /* Default-568h@2x.png */,
				F14F0A0A155A562800FE8EF5 /* MobileCoreServices.framework */,
				F14F0A08155A562000FE8EF5 /* MediaPlayer.framework */,
				F14F0A06155A561500FE8EF5 /* AssetsLibrary.framework */,
				F14F0A04155A560F00FE8EF5 /* QuartzCore.framework */,
				F14F0A02155A560800FE8EF5 /* CoreMedia.framework */,
				F14F0A00155A560200FE8EF5 /* AVFoundation.framework */,
				F14F09DC155A4DF000FE8EF5 /* VideoPlayRecord */,
				F14F09D5155A4DF000FE8EF5 /* Frameworks */,
				F14F09D3155A4DF000FE8EF5 /* Products */,
			);
			sourceTree = "<group>";
		};
		F14F09D3155A4DF000FE8EF5 /* Products */ = {
			isa = PBXGroup;
			children = (
				F14F09D2155A4DF000FE8EF5 /* VideoPlayRecord.app */,
			);
			name = Products;
			sourceTree = "<group>";
		};
		F14F09D5155A4DF000FE8EF5 /* Frameworks */ = {
			isa = PBXGroup;
			children = (
				F14F09D6155A4DF000FE8EF5 /* UIKit.framework */,
				F14F09D8155A4DF000FE8EF5 /* Foundation.framework */,
				F14F09DA155A4DF000FE8EF5 /* CoreGraphics.framework */,
			);
			name = Frameworks;
			sourceTree = "<group>";
		};
		F14F09DC155A4DF000FE8EF5 /* VideoPlayRecord */ = {
			isa = PBXGroup;
			children = (
				F7B2F62416D41726006C4349 /* hshake.mp3 */,
				F7B2F62A16D41D24006C4349 /* default@2x.png */,
				F7B2F61F16D40FED006C4349 /* assets */,
				F14F09E5155A4DF000FE8EF5 /* AppDelegate.h */,
				F14F09E6155A4DF000FE8EF5 /* AppDelegate.m */,
				56F7831616D42703000565C4 /* IntroductionViewController.h */,
				56F7831716D42703000565C4 /* IntroductionViewController.m */,
				56F7831916D4270A000565C4 /* Util */,
				F14F09E8155A4DF000FE8EF5 /* MainStoryboard.storyboard */,
				F14F09F6155A51AE00FE8EF5 /* RecordVideo.h */,
				F14F09F7155A51AE00FE8EF5 /* RecordVideo.m */,
				F14F09F9155A51B900FE8EF5 /* MergeVideo.h */,
				F14F09FA155A51B900FE8EF5 /* MergeVideo.m */,
				F14F09F3155A519C00FE8EF5 /* PlayVideo.h */,
				F14F09F4155A519C00FE8EF5 /* PlayVideo.m */,
				F14F09EB155A4DF000FE8EF5 /* ViewController.h */,
				F14F09EC155A4DF000FE8EF5 /* ViewController.m */,
				F14F09DD155A4DF000FE8EF5 /* Supporting Files */,
			);
			path = VideoPlayRecord;
			sourceTree = "<group>";
		};
		F14F09DD155A4DF000FE8EF5 /* Supporting Files */ = {
			isa = PBXGroup;
			children = (
				F14F09DE155A4DF000FE8EF5 /* VideoPlayRecord-Info.plist */,
				F14F09DF155A4DF000FE8EF5 /* InfoPlist.strings */,
				F14F09E2155A4DF000FE8EF5 /* main.m */,
				F14F09E4155A4DF000FE8EF5 /* VideoPlayRecord-Prefix.pch */,
			);
			name = "Supporting Files";
			sourceTree = "<group>";
		};
		F7B2F61F16D40FED006C4349 /* assets */ = {
			isa = PBXGroup;
			children = (
				56F7831D16D42776000565C4 /* startup */,
			);
			name = assets;
			sourceTree = "<group>";
		};
/* End PBXGroup section */

/* Begin PBXNativeTarget section */
		F14F09D1155A4DF000FE8EF5 /* VideoPlayRecord */ = {
			isa = PBXNativeTarget;
			buildConfigurationList = F14F09F0155A4DF000FE8EF5 /* Build configuration list for PBXNativeTarget "VideoPlayRecord" */;
			buildPhases = (
				F14F09CE155A4DF000FE8EF5 /* Sources */,
				F14F09CF155A4DF000FE8EF5 /* Frameworks */,
				F14F09D0155A4DF000FE8EF5 /* Resources */,
			);
			buildRules = (
			);
			dependencies = (
			);
			name = VideoPlayRecord;
			productName = VideoPlayRecord;
			productReference = F14F09D2155A4DF000FE8EF5 /* VideoPlayRecord.app */;
			productType = "com.apple.product-type.application";
		};
/* End PBXNativeTarget section */

/* Begin PBXProject section */
		F14F09C9155A4DF000FE8EF5 /* Project object */ = {
			isa = PBXProject;
			attributes = {
				LastUpgradeCheck = 0420;
				ORGANIZATIONNAME = DataInvent;
			};
			buildConfigurationList = F14F09CC155A4DF000FE8EF5 /* Build configuration list for PBXProject "VideoPlayRecord" */;
			compatibilityVersion = "Xcode 3.2";
			developmentRegion = English;
			hasScannedForEncodings = 0;
			knownRegions = (
				en,
			);
			mainGroup = F14F09C7155A4DF000FE8EF5;
			productRefGroup = F14F09D3155A4DF000FE8EF5 /* Products */;
			projectDirPath = "";
			projectRoot = "";
			targets = (
				F14F09D1155A4DF000FE8EF5 /* VideoPlayRecord */,
			);
		};
/* End PBXProject section */

/* Begin PBXResourcesBuildPhase section */
		F14F09D0155A4DF000FE8EF5 /* Resources */ = {
			isa = PBXResourcesBuildPhase;
			buildActionMask = 2147483647;
			files = (
				F14F09E1155A4DF000FE8EF5 /* InfoPlist.strings in Resources */,
				F14F09EA155A4DF000FE8EF5 /* MainStoryboard.storyboard in Resources */,
				F7B2F62516D41726006C4349 /* hshake.mp3 in Resources */,
				F7B2F62B16D41D24006C4349 /* default@2x.png in Resources */,
				F7B2F62D16D41D2B006C4349 /* Default-568h@2x.png in Resources */,
				56F7833B16D42776000565C4 /* chatWherever.png in Resources */,
				56F7833C16D42776000565C4 /* chatWherever@2x.png in Resources */,
				56F7833D16D42776000565C4 /* continue.png in Resources */,
				56F7833E16D42776000565C4 /* continue@2x.png in Resources */,
				56F7833F16D42776000565C4 /* funnyFace.png in Resources */,
				56F7834016D42776000565C4 /* funnyFace@2x.png in Resources */,
				56F7834116D42776000565C4 /* image1.jpg in Resources */,
				56F7834216D42776000565C4 /* image1@2x.jpg in Resources */,
				56F7834316D42776000565C4 /* image2.jpg in Resources */,
				56F7834416D42776000565C4 /* image2@2x.jpg in Resources */,
				56F7834516D42776000565C4 /* image3.jpg in Resources */,
				56F7834616D42776000565C4 /* image3@2x.jpg in Resources */,
				56F7834716D42776000565C4 /* image4.jpg in Resources */,
				56F7834816D42776000565C4 /* image4@2x.jpg in Resources */,
				56F7834916D42776000565C4 /* image5.jpg in Resources */,
				56F7834A16D42776000565C4 /* image5@2x.jpg in Resources */,
				56F7834B16D42776000565C4 /* introBackground.png in Resources */,
				56F7834C16D42776000565C4 /* introBackground4.jpg in Resources */,
				56F7834D16D42776000565C4 /* introBackground4@2x.jpg in Resources */,
				56F7834E16D42776000565C4 /* introBackgroundAwesome.jpg in Resources */,
				56F7834F16D42776000565C4 /* introBackgroundAwesome@2x.jpg in Resources */,
				56F7835016D42776000565C4 /* introBackgroundTest.jpg in Resources */,
				56F7835116D42776000565C4 /* introBackgroundTest@2x.jpg in Resources */,
				56F7835216D42776000565C4 /* name_picture.png in Resources */,
				56F7835316D42776000565C4 /* name_picture@2x.png in Resources */,
				56F7835416D42776000565C4 /* playTogether.png in Resources */,
				56F7835516D42776000565C4 /* playTogether@2x.png in Resources */,
				56F7835616D42776000565C4 /* shareWhatever.png in Resources */,
				56F7835716D42776000565C4 /* shareWhatever@2x.png in Resources */,
			);
			runOnlyForDeploymentPostprocessing = 0;
		};
/* End PBXResourcesBuildPhase section */

/* Begin PBXSourcesBuildPhase section */
		F14F09CE155A4DF000FE8EF5 /* Sources */ = {
			isa = PBXSourcesBuildPhase;
			buildActionMask = 2147483647;
			files = (
				F14F09E3155A4DF000FE8EF5 /* main.m in Sources */,
				F14F09E7155A4DF000FE8EF5 /* AppDelegate.m in Sources */,
				F14F09ED155A4DF000FE8EF5 /* ViewController.m in Sources */,
				F14F09F5155A519C00FE8EF5 /* PlayVideo.m in Sources */,
				F14F09F8155A51AE00FE8EF5 /* RecordVideo.m in Sources */,
				F14F09FB155A51B900FE8EF5 /* MergeVideo.m in Sources */,
				56F7831816D42703000565C4 /* IntroductionViewController.m in Sources */,
				56F7831C16D4270A000565C4 /* DDPageControl.m in Sources */,
				56F7835F16D4281A000565C4 /* FlexibleGradientView.m in Sources */,
				56F7836016D4281A000565C4 /* TouchPassthroughView.m in Sources */,
			);
			runOnlyForDeploymentPostprocessing = 0;
		};
/* End PBXSourcesBuildPhase section */

/* Begin PBXVariantGroup section */
		F14F09DF155A4DF000FE8EF5 /* InfoPlist.strings */ = {
			isa = PBXVariantGroup;
			children = (
				F14F09E0155A4DF000FE8EF5 /* en */,
			);
			name = InfoPlist.strings;
			sourceTree = "<group>";
		};
		F14F09E8155A4DF000FE8EF5 /* MainStoryboard.storyboard */ = {
			isa = PBXVariantGroup;
			children = (
				F14F09E9155A4DF000FE8EF5 /* en */,
			);
			name = MainStoryboard.storyboard;
			sourceTree = "<group>";
		};
/* End PBXVariantGroup section */

/* Begin XCBuildConfiguration section */
		F14F09EE155A4DF000FE8EF5 /* Debug */ = {
			isa = XCBuildConfiguration;
			buildSettings = {
				ALWAYS_SEARCH_USER_PATHS = NO;
				ARCHS = "$(ARCHS_STANDARD_32_BIT)";
				CLANG_ENABLE_OBJC_ARC = YES;
				"CODE_SIGN_IDENTITY[sdk=iphoneos*]" = "iPhone Developer";
				COPY_PHASE_STRIP = NO;
				GCC_C_LANGUAGE_STANDARD = gnu99;
				GCC_DYNAMIC_NO_PIC = NO;
				GCC_OPTIMIZATION_LEVEL = 0;
				GCC_PREPROCESSOR_DEFINITIONS = (
					"DEBUG=1",
					"$(inherited)",
				);
				GCC_SYMBOLS_PRIVATE_EXTERN = NO;
				GCC_VERSION = com.apple.compilers.llvm.clang.1_0;
				GCC_WARN_ABOUT_MISSING_PROTOTYPES = YES;
				GCC_WARN_ABOUT_RETURN_TYPE = YES;
				GCC_WARN_UNUSED_VARIABLE = YES;
				IPHONEOS_DEPLOYMENT_TARGET = 5.0;
				SDKROOT = iphoneos;
			};
			name = Debug;
		};
		F14F09EF155A4DF000FE8EF5 /* Release */ = {
			isa = XCBuildConfiguration;
			buildSettings = {
				ALWAYS_SEARCH_USER_PATHS = NO;
				ARCHS = "$(ARCHS_STANDARD_32_BIT)";
				CLANG_ENABLE_OBJC_ARC = YES;
				"CODE_SIGN_IDENTITY[sdk=iphoneos*]" = "iPhone Developer";
				COPY_PHASE_STRIP = YES;
				GCC_C_LANGUAGE_STANDARD = gnu99;
				GCC_VERSION = com.apple.compilers.llvm.clang.1_0;
				GCC_WARN_ABOUT_MISSING_PROTOTYPES = YES;
				GCC_WARN_ABOUT_RETURN_TYPE = YES;
				GCC_WARN_UNUSED_VARIABLE = YES;
				IPHONEOS_DEPLOYMENT_TARGET = 5.0;
				OTHER_CFLAGS = "-DNS_BLOCK_ASSERTIONS=1";
				SDKROOT = iphoneos;
				VALIDATE_PRODUCT = YES;
			};
			name = Release;
		};
		F14F09F1155A4DF000FE8EF5 /* Debug */ = {
			isa = XCBuildConfiguration;
			buildSettings = {
				CODE_SIGN_IDENTITY = "iPhone Developer";
				GCC_PRECOMPILE_PREFIX_HEADER = YES;
				GCC_PREFIX_HEADER = "VideoPlayRecord/VideoPlayRecord-Prefix.pch";
				INFOPLIST_FILE = "VideoPlayRecord/VideoPlayRecord-Info.plist";
				PRODUCT_NAME = "$(TARGET_NAME)";
				PROVISIONING_PROFILE = "";
				WRAPPER_EXTENSION = app;
			};
			name = Debug;
		};
		F14F09F2155A4DF000FE8EF5 /* Release */ = {
			isa = XCBuildConfiguration;
			buildSettings = {
				CODE_SIGN_IDENTITY = "iPhone Developer";
				GCC_PRECOMPILE_PREFIX_HEADER = YES;
				GCC_PREFIX_HEADER = "VideoPlayRecord/VideoPlayRecord-Prefix.pch";
				INFOPLIST_FILE = "VideoPlayRecord/VideoPlayRecord-Info.plist";
				PRODUCT_NAME = "$(TARGET_NAME)";
				PROVISIONING_PROFILE = "";
				WRAPPER_EXTENSION = app;
			};
			name = Release;
		};
/* End XCBuildConfiguration section */

/* Begin XCConfigurationList section */
		F14F09CC155A4DF000FE8EF5 /* Build configuration list for PBXProject "VideoPlayRecord" */ = {
			isa = XCConfigurationList;
			buildConfigurations = (
				F14F09EE155A4DF000FE8EF5 /* Debug */,
				F14F09EF155A4DF000FE8EF5 /* Release */,
			);
			defaultConfigurationIsVisible = 0;
			defaultConfigurationName = Release;
		};
		F14F09F0155A4DF000FE8EF5 /* Build configuration list for PBXNativeTarget "VideoPlayRecord" */ = {
			isa = XCConfigurationList;
			buildConfigurations = (
				F14F09F1155A4DF000FE8EF5 /* Debug */,
				F14F09F2155A4DF000FE8EF5 /* Release */,
			);
			defaultConfigurationIsVisible = 0;
			defaultConfigurationName = Release;
		};
/* End XCConfigurationList section */
	};
	rootObject = F14F09C9155A4DF000FE8EF5 /* Project object */;
}
